
Microsoft Visual Studio Solution File, Format Version 12.00
# Visual Studio Version 17
VisualStudioVersion = 17.5.33424.131
MinimumVisualStudioVersion = 10.0.40219.1
Project("{8BC9CEB8-8B4A-11D0-8D11-00A0C91BC942}") = "ParadigmaOOP2_171", "ParadigmaOOP2_171\ParadigmaOOP2_171.vcxproj", "{13D984CE-F91A-47EC-B811-F42AE8D5714E}"
EndProject
Project("{8BC9CEB8-8B4A-11D0-8D11-00A0C91BC942}") = "multipewarisan", "multipewarisan\multipewarisan.vcxproj", "{307AB660-A24D-4FA7-BDDC-2865A3AE9C01}"
EndProject
Project("{8BC9CEB8-8B4A-11D0-8D11-00A0C91BC942}") = "problemMultiWaris", "problemMultiWaris\problemMultiWaris.vcxproj", "{478D02C5-9A81-4F78-AC18-7051DAB110C2}"
EndProject
Project("{8BC9CEB8-8B4A-11D0-8D11-00A0C91BC942}") = "solveMultiWaris", "solveMultiWaris\solveMultiWaris.vcxproj", "{D68820E9-CC21-4D78-BDF2-2CE31FEDAA5D}"
EndProject
Project("{8BC9CEB8-8B4A-11D0-8D11-00A0C91BC942}") = "polimorpi", "polimorpi\polimorpi.vcxproj", "{67EC2DE1-80DE-4D94-AB1A-9BD7F07884EA}"
EndProject
Project("{8BC9CEB8-8B4A-11D0-8D11-00A0C91BC942}") = "noOverriding", "program noOverriding\program noOverriding.vcxproj", "{A3FB9A02-9A20-4D87-8D87-DC562B82568D}"
EndProject
Project("{8BC9CEB8-8B4A-11D0-8D11-00A0C91BC942}") = "noPewarisan", "noPewarisan\noPewarisan.vcxproj", "{F68D73A7-F27C-48D1-8113-B2C4FCABC561}"
EndProject
Project("{8BC9CEB8-8B4A-11D0-8D11-00A0C91BC942}") = "enkapsulasi", "enkapsulasi\enkapsulasi.vcxproj", "{7B0F2671-0B75-4F1B-BD52-4C1D6DA88F74}"
EndProject
Global
	GlobalSection(SolutionConfigurationPlatforms) = preSolution
		Debug|x64 = Debug|x64
		Debug|x86 = Debug|x86
		Release|x64 = Release|x64
		Release|x86 = Release|x86
	EndGlobalSection
	GlobalSection(ProjectConfigurationPlatforms) = postSolution
		{13D984CE-F91A-47EC-B811-F42AE8D5714E}.Debug|x64.ActiveCfg = Debug|x64
		{13D984CE-F91A-47EC-B811-F42AE8D5714E}.Debug|x64.Build.0 = Debug|x64
		{13D984CE-F91A-47EC-B811-F42AE8D5714E}.Debug|x86.ActiveCfg = Debug|Win32
		{13D984CE-F91A-47EC-B811-F42AE8D5714E}.Debug|x86.Build.0 = Debug|Win32
		{13D984CE-F91A-47EC-B811-F42AE8D5714E}.Release|x64.ActiveCfg = Release|x64
		{13D984CE-F91A-47EC-B811-F42AE8D5714E}.Release|x64.Build.0 = Release|x64
		{13D984CE-F91A-47EC-B811-F42AE8D5714E}.Release|x86.ActiveCfg = Release|Win32
		{13D984CE-F91A-47EC-B811-F42AE8D5714E}.Release|x86.Build.0 = Release|Win32
		{307AB660-A24D-4FA7-BDDC-2865A3AE9C01}.Debug|x64.ActiveCfg = Debug|x64
		{307AB660-A24D-4FA7-BDDC-2865A3AE9C01}.Debug|x64.Build.0 = Debug|x64
		{307AB660-A24D-4FA7-BDDC-2865A3AE9C01}.Debug|x86.ActiveCfg = Debug|Win32
		{307AB660-A24D-4FA7-BDDC-2865A3AE9C01}.Debug|x86.Build.0 = Debug|Win32
		{307AB660-A24D-4FA7-BDDC-2865A3AE9C01}.Release|x64.ActiveCfg = Release|x64
		{307AB660-A24D-4FA7-BDDC-2865A3AE9C01}.Release|x64.Build.0 = Release|x64
		{307AB660-A24D-4FA7-BDDC-2865A3AE9C01}.Release|x86.ActiveCfg = Release|Win32
		{307AB660-A24D-4FA7-BDDC-2865A3AE9C01}.Release|x86.Build.0 = Release|Win32
		{478D02C5-9A81-4F78-AC18-7051DAB110C2}.Debug|x64.ActiveCfg = Debug|x64
		{478D02C5-9A81-4F78-AC18-7051DAB110C2}.Debug|x64.Build.0 = Debug|x64
		{478D02C5-9A81-4F78-AC18-7051DAB110C2}.Debug|x86.ActiveCfg = Debug|Win32
		{478D02C5-9A81-4F78-AC18-7051DAB110C2}.Debug|x86.Build.0 = Debug|Win32
		{478D02C5-9A81-4F78-AC18-7051DAB110C2}.Release|x64.ActiveCfg = Release|x64
		{478D02C5-9A81-4F78-AC18-7051DAB110C2}.Release|x64.Build.0 = Release|x64
		{478D02C5-9A81-4F78-AC18-7051DAB110C2}.Release|x86.ActiveCfg = Release|Win32
		{478D02C5-9A81-4F78-AC18-7051DAB110C2}.Release|x86.Build.0 = Release|Win32
		{D68820E9-CC21-4D78-BDF2-2CE31FEDAA5D}.Debug|x64.ActiveCfg = Debug|x64
		{D68820E9-CC21-4D78-BDF2-2CE31FEDAA5D}.Debug|x64.Build.0 = Debug|x64
		{D68820E9-CC21-4D78-BDF2-2CE31FEDAA5D}.Debug|x86.ActiveCfg = Debug|Win32
		{D68820E9-CC21-4D78-BDF2-2CE31FEDAA5D}.Debug|x86.Build.0 = Debug|Win32
		{D68820E9-CC21-4D78-BDF2-2CE31FEDAA5D}.Release|x64.ActiveCfg = Release|x64
		{D68820E9-CC21-4D78-BDF2-2CE31FEDAA5D}.Release|x64.Build.0 = Release|x64
		{D68820E9-CC21-4D78-BDF2-2CE31FEDAA5D}.Release|x86.ActiveCfg = Release|Win32
		{D68820E9-CC21-4D78-BDF2-2CE31FEDAA5D}.Release|x86.Build.0 = Release|Win32
		{67EC2DE1-80DE-4D94-AB1A-9BD7F07884EA}.Debug|x64.ActiveCfg = Debug|x64
		{67EC2DE1-80DE-4D94-AB1A-9BD7F07884EA}.Debug|x64.Build.0 = Debug|x64
		{67EC2DE1-80DE-4D94-AB1A-9BD7F07884EA}.Debug|x86.ActiveCfg = Debug|Win32
		{67EC2DE1-80DE-4D94-AB1A-9BD7F07884EA}.Debug|x86.Build.0 = Debug|Win32
		{67EC2DE1-80DE-4D94-AB1A-9BD7F07884EA}.Release|x64.ActiveCfg = Release|x64
		{67EC2DE1-80DE-4D94-AB1A-9BD7F07884EA}.Release|x64.Build.0 = Release|x64
		{67EC2DE1-80DE-4D94-AB1A-9BD7F07884EA}.Release|x86.ActiveCfg = Release|Win32
		{67EC2DE1-80DE-4D94-AB1A-9BD7F07884EA}.Release|x86.Build.0 = Release|Win32
		{A3FB9A02-9A20-4D87-8D87-DC562B82568D}.Debug|x64.ActiveCfg = Debug|x64
		{A3FB9A02-9A20-4D87-8D87-DC562B82568D}.Debug|x64.Build.0 = Debug|x64
		{A3FB9A02-9A20-4D87-8D87-DC562B82568D}.Debug|x86.ActiveCfg = Debug|Win32
		{A3FB9A02-9A20-4D87-8D87-DC562B82568D}.Debug|x86.Build.0 = Debug|Win32
		{A3FB9A02-9A20-4D87-8D87-DC562B82568D}.Release|x64.ActiveCfg = Release|x64
		{A3FB9A02-9A20-4D87-8D87-DC562B82568D}.Release|x64.Build.0 = Release|x64
		{A3FB9A02-9A20-4D87-8D87-DC562B82568D}.Release|x86.ActiveCfg = Release|Win32
		{A3FB9A02-9A20-4D87-8D87-DC562B82568D}.Release|x86.Build.0 = Release|Win32
		{F68D73A7-F27C-48D1-8113-B2C4FCABC561}.Debug|x64.ActiveCfg = Debug|x64
		{F68D73A7-F27C-48D1-8113-B2C4FCABC561}.Debug|x64.Build.0 = Debug|x64
		{F68D73A7-F27C-48D1-8113-B2C4FCABC561}.Debug|x86.ActiveCfg = Debug|Win32
		{F68D73A7-F27C-48D1-8113-B2C4FCABC561}.Debug|x86.Build.0 = Debug|Win32
		{F68D73A7-F27C-48D1-8113-B2C4FCABC561}.Release|x64.ActiveCfg = Release|x64
		{F68D73A7-F27C-48D1-8113-B2C4FCABC561}.Release|x64.Build.0 = Release|x64
		{F68D73A7-F27C-48D1-8113-B2C4FCABC561}.Release|x86.ActiveCfg = Release|Win32
		{F68D73A7-F27C-48D1-8113-B2C4FCABC561}.Release|x86.Build.0 = Release|Win32
		{7B0F2671-0B75-4F1B-BD52-4C1D6DA88F74}.Debug|x64.ActiveCfg = Debug|x64
		{7B0F2671-0B75-4F1B-BD52-4C1D6DA88F74}.Debug|x64.Build.0 = Debug|x64
		{7B0F2671-0B75-4F1B-BD52-4C1D6DA88F74}.Debug|x86.ActiveCfg = Debug|Win32
		{7B0F2671-0B75-4F1B-BD52-4C1D6DA88F74}.Debug|x86.Build.0 = Debug|Win32
		{7B0F2671-0B75-4F1B-BD52-4C1D6DA88F74}.Release|x64.ActiveCfg = Release|x64
		{7B0F2671-0B75-4F1B-BD52-4C1D6DA88F74}.Release|x64.Build.0 = Release|x64
		{7B0F2671-0B75-4F1B-BD52-4C1D6DA88F74}.Release|x86.ActiveCfg = Release|Win32
		{7B0F2671-0B75-4F1B-BD52-4C1D6DA88F74}.Release|x86.Build.0 = Release|Win32
	EndGlobalSection
	GlobalSection(SolutionProperties) = preSolution
		HideSolutionNode = FALSE
	EndGlobalSection
	GlobalSection(ExtensibilityGlobals) = postSolution
		SolutionGuid = {C4B407C8-CC01-42EF-A515-96EDD4234806}
	EndGlobalSection
EndGlobal
